
Microsoft Visual Studio Solution File, Format Version 12.00
# Visual Studio Version 17
VisualStudioVersion = 17.12.35521.163 d17.12
MinimumVisualStudioVersion = 10.0.40219.1
Project("{FAE04EC0-301F-11D3-BF4B-00C04F79EFBC}") = "Adamechanics.Templating.Server", "Adamechanics.Templating.Server\Adamechanics.Templating.Server.csproj", "{9171EA7A-0895-4A2B-AA48-13D9C0391676}"
EndProject
Project("{54A90642-561A-4BB1-A94E-469ADEE60C69}") = "adamechanics.templating.client", "adamechanics.templating.client\adamechanics.templating.client.esproj", "{1CB2371A-B337-4BA0-88B3-735F3728629D}"
EndProject
Global
	GlobalSection(SolutionConfigurationPlatforms) = preSolution
		Debug|Any CPU = Debug|Any CPU
		Release|Any CPU = Release|Any CPU
	EndGlobalSection
	GlobalSection(ProjectConfigurationPlatforms) = postSolution
		{9171EA7A-0895-4A2B-AA48-13D9C0391676}.Debug|Any CPU.ActiveCfg = Debug|Any CPU
		{9171EA7A-0895-4A2B-AA48-13D9C0391676}.Debug|Any CPU.Build.0 = Debug|Any CPU
		{9171EA7A-0895-4A2B-AA48-13D9C0391676}.Release|Any CPU.ActiveCfg = Release|Any CPU
		{9171EA7A-0895-4A2B-AA48-13D9C0391676}.Release|Any CPU.Build.0 = Release|Any CPU
		{1CB2371A-B337-4BA0-88B3-735F3728629D}.Debug|Any CPU.ActiveCfg = Debug|Any CPU
		{1CB2371A-B337-4BA0-88B3-735F3728629D}.Debug|Any CPU.Build.0 = Debug|Any CPU
		{1CB2371A-B337-4BA0-88B3-735F3728629D}.Debug|Any CPU.Deploy.0 = Debug|Any CPU
		{1CB2371A-B337-4BA0-88B3-735F3728629D}.Release|Any CPU.ActiveCfg = Release|Any CPU
		{1CB2371A-B337-4BA0-88B3-735F3728629D}.Release|Any CPU.Build.0 = Release|Any CPU
		{1CB2371A-B337-4BA0-88B3-735F3728629D}.Release|Any CPU.Deploy.0 = Release|Any CPU
	EndGlobalSection
	GlobalSection(SolutionProperties) = preSolution
		HideSolutionNode = FALSE
	EndGlobalSection
EndGlobal
